("quicklisp" .
 (:class qlot/source/dist:source-dist
  :initargs (:distribution "https://beta.quicklisp.org/dist/quicklisp.txt" :%version :latest)
  :version "2026-01-01"))
("ironclad" .
 (:class qlot/source/ql:source-ql
  :initargs (:%version "2026-01-01")
  :version "ql-2024-10-12"))
("nyaml" .
 (:class qlot/source/ql:source-ql
  :initargs (:%version "2026-01-01")
  :version "ql-2025-06-22"))
("serapeum" .
 (:class qlot/source/ql:source-ql
  :initargs (:%version "2026-01-01")
  :version "ql-2026-01-01"))
("sexp-config" .
 (:class qlot/source/git:source-git
  :initargs (:remote-url "https://github.com/luciusmagn/sexp-config.git" :ref "408fa906e2d16aa515b39c943d3affcab3811ffc")
  :version "git-408fa906e2d16aa515b39c943d3affcab3811ffc"))
